// !$*UTF8*$!
{
	archiveVersion = 1;
	classes = {
	};
	objectVersion = 48;
	objects = {

/* Begin PBXBuildFile section */
		3C3E0464D06086D8E5FDB0F7 /* Pods_Skor_Gift.framework in Frameworks */ = {isa = PBXBuildFile; fileRef = 7B2ADAA636A01DC7F14D39EE /* Pods_Skor_Gift.framework */; };
		E01DD9432099AA60001C9116 /* AppDelegate.swift in Sources */ = {isa = PBXBuildFile; fileRef = E01DD9422099AA60001C9116 /* AppDelegate.swift */; };
		E01DD9452099AA60001C9116 /* ViewController.swift in Sources */ = {isa = PBXBuildFile; fileRef = E01DD9442099AA60001C9116 /* ViewController.swift */; };
		E01DD9482099AA60001C9116 /* Main.storyboard in Resources */ = {isa = PBXBuildFile; fileRef = E01DD9462099AA60001C9116 /* Main.storyboard */; };
		E01DD94A2099AA60001C9116 /* Assets.xcassets in Resources */ = {isa = PBXBuildFile; fileRef = E01DD9492099AA60001C9116 /* Assets.xcassets */; };
		E01DD94D2099AA60001C9116 /* LaunchScreen.storyboard in Resources */ = {isa = PBXBuildFile; fileRef = E01DD94B2099AA60001C9116 /* LaunchScreen.storyboard */; };
		E01DD9582099AA60001C9116 /* Skor_GiftTests.swift in Sources */ = {isa = PBXBuildFile; fileRef = E01DD9572099AA60001C9116 /* Skor_GiftTests.swift */; };
		E01DD9632099AA60001C9116 /* Skor_GiftUITests.swift in Sources */ = {isa = PBXBuildFile; fileRef = E01DD9622099AA60001C9116 /* Skor_GiftUITests.swift */; };
		E0323947209AB1350065CE9B /* OnBoardingViewController.swift in Sources */ = {isa = PBXBuildFile; fileRef = E0323946209AB1350065CE9B /* OnBoardingViewController.swift */; };
		E0323949209AB13F0065CE9B /* OnBoardingViewController.xib in Resources */ = {isa = PBXBuildFile; fileRef = E0323948209AB13F0065CE9B /* OnBoardingViewController.xib */; };
		E0A4FB78209AC0A000AB45EB /* AccountViewController.swift in Sources */ = {isa = PBXBuildFile; fileRef = E0A4FB76209AC0A000AB45EB /* AccountViewController.swift */; };
		E0A4FB79209AC0A000AB45EB /* AccountViewController.xib in Resources */ = {isa = PBXBuildFile; fileRef = E0A4FB77209AC0A000AB45EB /* AccountViewController.xib */; };
		E0A4FB7E209AC32C00AB45EB /* InterfaceManager.swift in Sources */ = {isa = PBXBuildFile; fileRef = E0A4FB7D209AC32C00AB45EB /* InterfaceManager.swift */; };
		E0A4FB81209AC6DC00AB45EB /* UIColorExtension.swift in Sources */ = {isa = PBXBuildFile; fileRef = E0A4FB80209AC6DC00AB45EB /* UIColorExtension.swift */; };
		E0A4FB84209ACB5D00AB45EB /* TransferViewController.swift in Sources */ = {isa = PBXBuildFile; fileRef = E0A4FB82209ACB5D00AB45EB /* TransferViewController.swift */; };
		E0A4FB85209ACB5D00AB45EB /* TransferViewController.xib in Resources */ = {isa = PBXBuildFile; fileRef = E0A4FB83209ACB5D00AB45EB /* TransferViewController.xib */; };
		E0F4A9462099BB0800B8C102 /* SignUpViewController.swift in Sources */ = {isa = PBXBuildFile; fileRef = E0F4A9452099BB0800B8C102 /* SignUpViewController.swift */; };
		E0F4A9482099BB1A00B8C102 /* SignUpViewController.xib in Resources */ = {isa = PBXBuildFile; fileRef = E0F4A9472099BB1A00B8C102 /* SignUpViewController.xib */; };
		E0F4A94C2099BB3E00B8C102 /* SignInViewController.swift in Sources */ = {isa = PBXBuildFile; fileRef = E0F4A94B2099BB3E00B8C102 /* SignInViewController.swift */; };
		E0F4A94E2099BB5B00B8C102 /* SignInViewController.xib in Resources */ = {isa = PBXBuildFile; fileRef = E0F4A94D2099BB5B00B8C102 /* SignInViewController.xib */; };
		E0F4A9512099BBA400B8C102 /* MainViewController.swift in Sources */ = {isa = PBXBuildFile; fileRef = E0F4A9502099BBA400B8C102 /* MainViewController.swift */; };
		E0F4A9532099BBB200B8C102 /* MainViewController.xib in Resources */ = {isa = PBXBuildFile; fileRef = E0F4A9522099BBB200B8C102 /* MainViewController.xib */; };
		E0F4A9562099BBD000B8C102 /* HomeViewController.swift in Sources */ = {isa = PBXBuildFile; fileRef = E0F4A9552099BBD000B8C102 /* HomeViewController.swift */; };
		E0F4A9582099BBD900B8C102 /* HomeViewController.xib in Resources */ = {isa = PBXBuildFile; fileRef = E0F4A9572099BBD900B8C102 /* HomeViewController.xib */; };
		E0F4A95E2099C22300B8C102 /* VouchersViewController.xib in Resources */ = {isa = PBXBuildFile; fileRef = E0F4A95D2099C22300B8C102 /* VouchersViewController.xib */; };
		E0F4A9602099C23500B8C102 /* VouchersViewController.swift in Sources */ = {isa = PBXBuildFile; fileRef = E0F4A95F2099C23500B8C102 /* VouchersViewController.swift */; };
		E0F4A9622099C24800B8C102 /* VoucherDetailViewController.swift in Sources */ = {isa = PBXBuildFile; fileRef = E0F4A9612099C24800B8C102 /* VoucherDetailViewController.swift */; };
		E0F4A9642099C25700B8C102 /* VoucherDetailViewController.xib in Resources */ = {isa = PBXBuildFile; fileRef = E0F4A9632099C25700B8C102 /* VoucherDetailViewController.xib */; };
		E0F4A9672099C28200B8C102 /* VoucherListTableViewCell.swift in Sources */ = {isa = PBXBuildFile; fileRef = E0F4A9662099C28200B8C102 /* VoucherListTableViewCell.swift */; };
		E0F4A9692099C29E00B8C102 /* GiftListTableViewCell.swift in Sources */ = {isa = PBXBuildFile; fileRef = E0F4A9682099C29E00B8C102 /* GiftListTableViewCell.swift */; };
		E0F4A96B2099C2ED00B8C102 /* GiftsViewController.swift in Sources */ = {isa = PBXBuildFile; fileRef = E0F4A96A2099C2ED00B8C102 /* GiftsViewController.swift */; };
		E0F4A96D2099C2F700B8C102 /* GiftsViewController.xib in Resources */ = {isa = PBXBuildFile; fileRef = E0F4A96C2099C2F700B8C102 /* GiftsViewController.xib */; };
		E0F4A96F2099C30400B8C102 /* SendGiftViewController.swift in Sources */ = {isa = PBXBuildFile; fileRef = E0F4A96E2099C30400B8C102 /* SendGiftViewController.swift */; };
		E0F4A9712099C30E00B8C102 /* SendGiftViewController.xib in Resources */ = {isa = PBXBuildFile; fileRef = E0F4A9702099C30E00B8C102 /* SendGiftViewController.xib */; };
		E0F4A9732099C31F00B8C102 /* DiscountsViewController.swift in Sources */ = {isa = PBXBuildFile; fileRef = E0F4A9722099C31F00B8C102 /* DiscountsViewController.swift */; };
		E0F4A9752099C32900B8C102 /* DiscountsViewController.xib in Resources */ = {isa = PBXBuildFile; fileRef = E0F4A9742099C32900B8C102 /* DiscountsViewController.xib */; };
		E0F4A9772099C35900B8C102 /* PointsViewController.xib in Resources */ = {isa = PBXBuildFile; fileRef = E0F4A9762099C35900B8C102 /* PointsViewController.xib */; };
		E0F4A9792099C36800B8C102 /* PointsViewController.swift in Sources */ = {isa = PBXBuildFile; fileRef = E0F4A9782099C36800B8C102 /* PointsViewController.swift */; };
		E0F4A97B2099C39600B8C102 /* CustomCameraViewController.swift in Sources */ = {isa = PBXBuildFile; fileRef = E0F4A97A2099C39600B8C102 /* CustomCameraViewController.swift */; };
		E0F4A97D2099C3A200B8C102 /* CustomCameraViewController.xib in Resources */ = {isa = PBXBuildFile; fileRef = E0F4A97C2099C3A200B8C102 /* CustomCameraViewController.xib */; };
		E0F4A97F2099C3BC00B8C102 /* SendGiftResultViewController.swift in Sources */ = {isa = PBXBuildFile; fileRef = E0F4A97E2099C3BC00B8C102 /* SendGiftResultViewController.swift */; };
		E0F4A9812099C3C700B8C102 /* SendGiftResultViewController.xib in Resources */ = {isa = PBXBuildFile; fileRef = E0F4A9802099C3C700B8C102 /* SendGiftResultViewController.xib */; };
/* End PBXBuildFile section */

/* Begin PBXContainerItemProxy section */
		E01DD9542099AA60001C9116 /* PBXContainerItemProxy */ = {
			isa = PBXContainerItemProxy;
			containerPortal = E01DD9372099AA60001C9116 /* Project object */;
			proxyType = 1;
			remoteGlobalIDString = E01DD93E2099AA60001C9116;
			remoteInfo = "Skor Gift";
		};
		E01DD95F2099AA60001C9116 /* PBXContainerItemProxy */ = {
			isa = PBXContainerItemProxy;
			containerPortal = E01DD9372099AA60001C9116 /* Project object */;
			proxyType = 1;
			remoteGlobalIDString = E01DD93E2099AA60001C9116;
			remoteInfo = "Skor Gift";
		};
/* End PBXContainerItemProxy section */

/* Begin PBXFileReference section */
		0E60E8B582E061A5AB8666BF /* Pods-Skor Gift.debug.xcconfig */ = {isa = PBXFileReference; includeInIndex = 1; lastKnownFileType = text.xcconfig; name = "Pods-Skor Gift.debug.xcconfig"; path = "Pods/Target Support Files/Pods-Skor Gift/Pods-Skor Gift.debug.xcconfig"; sourceTree = "<group>"; };
		4AF7166BC08A68AE035BB4F3 /* Pods-Skor Gift.release.xcconfig */ = {isa = PBXFileReference; includeInIndex = 1; lastKnownFileType = text.xcconfig; name = "Pods-Skor Gift.release.xcconfig"; path = "Pods/Target Support Files/Pods-Skor Gift/Pods-Skor Gift.release.xcconfig"; sourceTree = "<group>"; };
		7B2ADAA636A01DC7F14D39EE /* Pods_Skor_Gift.framework */ = {isa = PBXFileReference; explicitFileType = wrapper.framework; includeInIndex = 0; path = Pods_Skor_Gift.framework; sourceTree = BUILT_PRODUCTS_DIR; };
		E01DD93F2099AA60001C9116 /* Skor Gift.app */ = {isa = PBXFileReference; explicitFileType = wrapper.application; includeInIndex = 0; path = "Skor Gift.app"; sourceTree = BUILT_PRODUCTS_DIR; };
		E01DD9422099AA60001C9116 /* AppDelegate.swift */ = {isa = PBXFileReference; lastKnownFileType = sourcecode.swift; path = AppDelegate.swift; sourceTree = "<group>"; };
		E01DD9442099AA60001C9116 /* ViewController.swift */ = {isa = PBXFileReference; lastKnownFileType = sourcecode.swift; path = ViewController.swift; sourceTree = "<group>"; };
		E01DD9472099AA60001C9116 /* Base */ = {isa = PBXFileReference; lastKnownFileType = file.storyboard; name = Base; path = Base.lproj/Main.storyboard; sourceTree = "<group>"; };
		E01DD9492099AA60001C9116 /* Assets.xcassets */ = {isa = PBXFileReference; lastKnownFileType = folder.assetcatalog; path = Assets.xcassets; sourceTree = "<group>"; };
		E01DD94C2099AA60001C9116 /* Base */ = {isa = PBXFileReference; lastKnownFileType = file.storyboard; name = Base; path = Base.lproj/LaunchScreen.storyboard; sourceTree = "<group>"; };
		E01DD94E2099AA60001C9116 /* Info.plist */ = {isa = PBXFileReference; lastKnownFileType = text.plist.xml; path = Info.plist; sourceTree = "<group>"; };
		E01DD9532099AA60001C9116 /* Skor GiftTests.xctest */ = {isa = PBXFileReference; explicitFileType = wrapper.cfbundle; includeInIndex = 0; path = "Skor GiftTests.xctest"; sourceTree = BUILT_PRODUCTS_DIR; };
		E01DD9572099AA60001C9116 /* Skor_GiftTests.swift */ = {isa = PBXFileReference; lastKnownFileType = sourcecode.swift; path = Skor_GiftTests.swift; sourceTree = "<group>"; };
		E01DD9592099AA60001C9116 /* Info.plist */ = {isa = PBXFileReference; lastKnownFileType = text.plist.xml; path = Info.plist; sourceTree = "<group>"; };
		E01DD95E2099AA60001C9116 /* Skor GiftUITests.xctest */ = {isa = PBXFileReference; explicitFileType = wrapper.cfbundle; includeInIndex = 0; path = "Skor GiftUITests.xctest"; sourceTree = BUILT_PRODUCTS_DIR; };
		E01DD9622099AA60001C9116 /* Skor_GiftUITests.swift */ = {isa = PBXFileReference; lastKnownFileType = sourcecode.swift; path = Skor_GiftUITests.swift; sourceTree = "<group>"; };
		E01DD9642099AA60001C9116 /* Info.plist */ = {isa = PBXFileReference; lastKnownFileType = text.plist.xml; path = Info.plist; sourceTree = "<group>"; };
		E0323946209AB1350065CE9B /* OnBoardingViewController.swift */ = {isa = PBXFileReference; lastKnownFileType = sourcecode.swift; path = OnBoardingViewController.swift; sourceTree = "<group>"; };
		E0323948209AB13F0065CE9B /* OnBoardingViewController.xib */ = {isa = PBXFileReference; lastKnownFileType = file.xib; path = OnBoardingViewController.xib; sourceTree = "<group>"; };
		E0A4FB76209AC0A000AB45EB /* AccountViewController.swift */ = {isa = PBXFileReference; lastKnownFileType = sourcecode.swift; path = AccountViewController.swift; sourceTree = "<group>"; };
		E0A4FB77209AC0A000AB45EB /* AccountViewController.xib */ = {isa = PBXFileReference; lastKnownFileType = file.xib; path = AccountViewController.xib; sourceTree = "<group>"; };
		E0A4FB7D209AC32C00AB45EB /* InterfaceManager.swift */ = {isa = PBXFileReference; fileEncoding = 4; lastKnownFileType = sourcecode.swift; path = InterfaceManager.swift; sourceTree = "<group>"; };
		E0A4FB80209AC6DC00AB45EB /* UIColorExtension.swift */ = {isa = PBXFileReference; fileEncoding = 4; lastKnownFileType = sourcecode.swift; path = UIColorExtension.swift; sourceTree = "<group>"; };
		E0A4FB82209ACB5D00AB45EB /* TransferViewController.swift */ = {isa = PBXFileReference; lastKnownFileType = sourcecode.swift; path = TransferViewController.swift; sourceTree = "<group>"; };
		E0A4FB83209ACB5D00AB45EB /* TransferViewController.xib */ = {isa = PBXFileReference; lastKnownFileType = file.xib; path = TransferViewController.xib; sourceTree = "<group>"; };
		E0F4A93C2099B8F800B8C102 /* Skor Gift-Bridging-Header.h */ = {isa = PBXFileReference; lastKnownFileType = sourcecode.c.h; path = "Skor Gift-Bridging-Header.h"; sourceTree = "<group>"; };
		E0F4A9452099BB0800B8C102 /* SignUpViewController.swift */ = {isa = PBXFileReference; lastKnownFileType = sourcecode.swift; path = SignUpViewController.swift; sourceTree = "<group>"; };
		E0F4A9472099BB1A00B8C102 /* SignUpViewController.xib */ = {isa = PBXFileReference; lastKnownFileType = file.xib; path = SignUpViewController.xib; sourceTree = "<group>"; };
		E0F4A94B2099BB3E00B8C102 /* SignInViewController.swift */ = {isa = PBXFileReference; lastKnownFileType = sourcecode.swift; path = SignInViewController.swift; sourceTree = "<group>"; };
		E0F4A94D2099BB5B00B8C102 /* SignInViewController.xib */ = {isa = PBXFileReference; lastKnownFileType = file.xib; path = SignInViewController.xib; sourceTree = "<group>"; };
		E0F4A9502099BBA400B8C102 /* MainViewController.swift */ = {isa = PBXFileReference; lastKnownFileType = sourcecode.swift; path = MainViewController.swift; sourceTree = "<group>"; };
		E0F4A9522099BBB200B8C102 /* MainViewController.xib */ = {isa = PBXFileReference; lastKnownFileType = file.xib; path = MainViewController.xib; sourceTree = "<group>"; };
		E0F4A9552099BBD000B8C102 /* HomeViewController.swift */ = {isa = PBXFileReference; lastKnownFileType = sourcecode.swift; path = HomeViewController.swift; sourceTree = "<group>"; };
		E0F4A9572099BBD900B8C102 /* HomeViewController.xib */ = {isa = PBXFileReference; lastKnownFileType = file.xib; path = HomeViewController.xib; sourceTree = "<group>"; };
		E0F4A95D2099C22300B8C102 /* VouchersViewController.xib */ = {isa = PBXFileReference; lastKnownFileType = file.xib; path = VouchersViewController.xib; sourceTree = "<group>"; };
		E0F4A95F2099C23500B8C102 /* VouchersViewController.swift */ = {isa = PBXFileReference; lastKnownFileType = sourcecode.swift; path = VouchersViewController.swift; sourceTree = "<group>"; };
		E0F4A9612099C24800B8C102 /* VoucherDetailViewController.swift */ = {isa = PBXFileReference; lastKnownFileType = sourcecode.swift; path = VoucherDetailViewController.swift; sourceTree = "<group>"; };
		E0F4A9632099C25700B8C102 /* VoucherDetailViewController.xib */ = {isa = PBXFileReference; lastKnownFileType = file.xib; path = VoucherDetailViewController.xib; sourceTree = "<group>"; };
		E0F4A9662099C28200B8C102 /* VoucherListTableViewCell.swift */ = {isa = PBXFileReference; lastKnownFileType = sourcecode.swift; path = VoucherListTableViewCell.swift; sourceTree = "<group>"; };
		E0F4A9682099C29E00B8C102 /* GiftListTableViewCell.swift */ = {isa = PBXFileReference; lastKnownFileType = sourcecode.swift; path = GiftListTableViewCell.swift; sourceTree = "<group>"; };
		E0F4A96A2099C2ED00B8C102 /* GiftsViewController.swift */ = {isa = PBXFileReference; lastKnownFileType = sourcecode.swift; path = GiftsViewController.swift; sourceTree = "<group>"; };
		E0F4A96C2099C2F700B8C102 /* GiftsViewController.xib */ = {isa = PBXFileReference; lastKnownFileType = file.xib; path = GiftsViewController.xib; sourceTree = "<group>"; };
		E0F4A96E2099C30400B8C102 /* SendGiftViewController.swift */ = {isa = PBXFileReference; lastKnownFileType = sourcecode.swift; path = SendGiftViewController.swift; sourceTree = "<group>"; };
		E0F4A9702099C30E00B8C102 /* SendGiftViewController.xib */ = {isa = PBXFileReference; lastKnownFileType = file.xib; path = SendGiftViewController.xib; sourceTree = "<group>"; };
		E0F4A9722099C31F00B8C102 /* DiscountsViewController.swift */ = {isa = PBXFileReference; lastKnownFileType = sourcecode.swift; path = DiscountsViewController.swift; sourceTree = "<group>"; };
		E0F4A9742099C32900B8C102 /* DiscountsViewController.xib */ = {isa = PBXFileReference; lastKnownFileType = file.xib; path = DiscountsViewController.xib; sourceTree = "<group>"; };
		E0F4A9762099C35900B8C102 /* PointsViewController.xib */ = {isa = PBXFileReference; lastKnownFileType = file.xib; path = PointsViewController.xib; sourceTree = "<group>"; };
		E0F4A9782099C36800B8C102 /* PointsViewController.swift */ = {isa = PBXFileReference; lastKnownFileType = sourcecode.swift; path = PointsViewController.swift; sourceTree = "<group>"; };
		E0F4A97A2099C39600B8C102 /* CustomCameraViewController.swift */ = {isa = PBXFileReference; lastKnownFileType = sourcecode.swift; path = CustomCameraViewController.swift; sourceTree = "<group>"; };
		E0F4A97C2099C3A200B8C102 /* CustomCameraViewController.xib */ = {isa = PBXFileReference; lastKnownFileType = file.xib; path = CustomCameraViewController.xib; sourceTree = "<group>"; };
		E0F4A97E2099C3BC00B8C102 /* SendGiftResultViewController.swift */ = {isa = PBXFileReference; lastKnownFileType = sourcecode.swift; path = SendGiftResultViewController.swift; sourceTree = "<group>"; };
		E0F4A9802099C3C700B8C102 /* SendGiftResultViewController.xib */ = {isa = PBXFileReference; lastKnownFileType = file.xib; path = SendGiftResultViewController.xib; sourceTree = "<group>"; };
/* End PBXFileReference section */

/* Begin PBXFrameworksBuildPhase section */
		E01DD93C2099AA60001C9116 /* Frameworks */ = {
			isa = PBXFrameworksBuildPhase;
			buildActionMask = 2147483647;
			files = (
				3C3E0464D06086D8E5FDB0F7 /* Pods_Skor_Gift.framework in Frameworks */,
			);
			runOnlyForDeploymentPostprocessing = 0;
		};
		E01DD9502099AA60001C9116 /* Frameworks */ = {
			isa = PBXFrameworksBuildPhase;
			buildActionMask = 2147483647;
			files = (
			);
			runOnlyForDeploymentPostprocessing = 0;
		};
		E01DD95B2099AA60001C9116 /* Frameworks */ = {
			isa = PBXFrameworksBuildPhase;
			buildActionMask = 2147483647;
			files = (
			);
			runOnlyForDeploymentPostprocessing = 0;
		};
/* End PBXFrameworksBuildPhase section */

/* Begin PBXGroup section */
		9DB80F80CE490307EE88120B /* Pods */ = {
			isa = PBXGroup;
			children = (
				0E60E8B582E061A5AB8666BF /* Pods-Skor Gift.debug.xcconfig */,
				4AF7166BC08A68AE035BB4F3 /* Pods-Skor Gift.release.xcconfig */,
			);
			name = Pods;
			sourceTree = "<group>";
		};
		D9D932F689E40B00BAC0361A /* Frameworks */ = {
			isa = PBXGroup;
			children = (
				7B2ADAA636A01DC7F14D39EE /* Pods_Skor_Gift.framework */,
			);
			name = Frameworks;
			sourceTree = "<group>";
		};
		E01DD9362099AA60001C9116 = {
			isa = PBXGroup;
			children = (
				E01DD9412099AA60001C9116 /* Skor Gift */,
				E01DD9562099AA60001C9116 /* Skor GiftTests */,
				E01DD9612099AA60001C9116 /* Skor GiftUITests */,
				E01DD9402099AA60001C9116 /* Products */,
				9DB80F80CE490307EE88120B /* Pods */,
				D9D932F689E40B00BAC0361A /* Frameworks */,
			);
			sourceTree = "<group>";
		};
		E01DD9402099AA60001C9116 /* Products */ = {
			isa = PBXGroup;
			children = (
				E01DD93F2099AA60001C9116 /* Skor Gift.app */,
				E01DD9532099AA60001C9116 /* Skor GiftTests.xctest */,
				E01DD95E2099AA60001C9116 /* Skor GiftUITests.xctest */,
			);
			name = Products;
			sourceTree = "<group>";
		};
		E01DD9412099AA60001C9116 /* Skor Gift */ = {
			isa = PBXGroup;
			children = (
				E0A4FB7A209AC2C600AB45EB /* Classes */,
				E01DD9492099AA60001C9116 /* Assets.xcassets */,
				E01DD94E2099AA60001C9116 /* Info.plist */,
			);
			path = "Skor Gift";
			sourceTree = "<group>";
		};
		E01DD9562099AA60001C9116 /* Skor GiftTests */ = {
			isa = PBXGroup;
			children = (
				E01DD9572099AA60001C9116 /* Skor_GiftTests.swift */,
				E01DD9592099AA60001C9116 /* Info.plist */,
			);
			path = "Skor GiftTests";
			sourceTree = "<group>";
		};
		E01DD9612099AA60001C9116 /* Skor GiftUITests */ = {
			isa = PBXGroup;
			children = (
				E01DD9622099AA60001C9116 /* Skor_GiftUITests.swift */,
				E01DD9642099AA60001C9116 /* Info.plist */,
			);
			path = "Skor GiftUITests";
			sourceTree = "<group>";
		};
		E0323945209AB1190065CE9B /* OnBoarding */ = {
			isa = PBXGroup;
			children = (
				E0323946209AB1350065CE9B /* OnBoardingViewController.swift */,
				E0323948209AB13F0065CE9B /* OnBoardingViewController.xib */,
			);
			path = OnBoarding;
			sourceTree = "<group>";
		};
		E0A4FB7A209AC2C600AB45EB /* Classes */ = {
			isa = PBXGroup;
			children = (
				E0A4FB7F209AC6CC00AB45EB /* Extension */,
				E0A4FB7B209AC2FB00AB45EB /* Singleton */,
				E0F4A9652099C26100B8C102 /* CustomCell */,
				E0F4A93A2099B8A700B8C102 /* ViewController */,
				E01DD9422099AA60001C9116 /* AppDelegate.swift */,
				E01DD9442099AA60001C9116 /* ViewController.swift */,
				E01DD9462099AA60001C9116 /* Main.storyboard */,
				E01DD94B2099AA60001C9116 /* LaunchScreen.storyboard */,
			);
			path = Classes;
			sourceTree = "<group>";
		};
		E0A4FB7B209AC2FB00AB45EB /* Singleton */ = {
			isa = PBXGroup;
			children = (
				E0A4FB7C209AC30E00AB45EB /* Managers */,
				E0F4A93B2099B8C900B8C102 /* HeaderBridge */,
			);
			path = Singleton;
			sourceTree = "<group>";
		};
		E0A4FB7C209AC30E00AB45EB /* Managers */ = {
			isa = PBXGroup;
			children = (
				E0A4FB7D209AC32C00AB45EB /* InterfaceManager.swift */,
			);
			path = Managers;
			sourceTree = "<group>";
		};
		E0A4FB7F209AC6CC00AB45EB /* Extension */ = {
			isa = PBXGroup;
			children = (
				E0A4FB80209AC6DC00AB45EB /* UIColorExtension.swift */,
			);
			path = Extension;
			sourceTree = "<group>";
		};
		E0F4A93A2099B8A700B8C102 /* ViewController */ = {
			isa = PBXGroup;
			children = (
				E0323945209AB1190065CE9B /* OnBoarding */,
				E0F4A95C2099C21000B8C102 /* Voucher */,
				E0F4A95B2099C1A400B8C102 /* Points */,
				E0F4A95A2099C19F00B8C102 /* Discount */,
				E0F4A9592099C19700B8C102 /* Gift */,
				E0F4A9542099BBBD00B8C102 /* Home */,
				E0F4A94F2099BB7900B8C102 /* Main */,
				E0F4A9442099BAB900B8C102 /* Account */,
			);
			path = ViewController;
			sourceTree = "<group>";
		};
		E0F4A93B2099B8C900B8C102 /* HeaderBridge */ = {
			isa = PBXGroup;
			children = (
				E0F4A93C2099B8F800B8C102 /* Skor Gift-Bridging-Header.h */,
			);
			path = HeaderBridge;
			sourceTree = "<group>";
		};
		E0F4A9442099BAB900B8C102 /* Account */ = {
			isa = PBXGroup;
			children = (
				E0F4A9452099BB0800B8C102 /* SignUpViewController.swift */,
				E0F4A9472099BB1A00B8C102 /* SignUpViewController.xib */,
				E0F4A94B2099BB3E00B8C102 /* SignInViewController.swift */,
				E0F4A94D2099BB5B00B8C102 /* SignInViewController.xib */,
				E0A4FB76209AC0A000AB45EB /* AccountViewController.swift */,
				E0A4FB77209AC0A000AB45EB /* AccountViewController.xib */,
			);
			path = Account;
			sourceTree = "<group>";
		};
		E0F4A94F2099BB7900B8C102 /* Main */ = {
			isa = PBXGroup;
			children = (
				E0F4A9502099BBA400B8C102 /* MainViewController.swift */,
				E0F4A9522099BBB200B8C102 /* MainViewController.xib */,
			);
			path = Main;
			sourceTree = "<group>";
		};
		E0F4A9542099BBBD00B8C102 /* Home */ = {
			isa = PBXGroup;
			children = (
				E0F4A9552099BBD000B8C102 /* HomeViewController.swift */,
				E0F4A9572099BBD900B8C102 /* HomeViewController.xib */,
			);
			path = Home;
			sourceTree = "<group>";
		};
		E0F4A9592099C19700B8C102 /* Gift */ = {
			isa = PBXGroup;
			children = (
				E0F4A96A2099C2ED00B8C102 /* GiftsViewController.swift */,
				E0F4A96C2099C2F700B8C102 /* GiftsViewController.xib */,
				E0F4A96E2099C30400B8C102 /* SendGiftViewController.swift */,
				E0F4A9702099C30E00B8C102 /* SendGiftViewController.xib */,
				E0F4A97A2099C39600B8C102 /* CustomCameraViewController.swift */,
				E0F4A97C2099C3A200B8C102 /* CustomCameraViewController.xib */,
				E0F4A97E2099C3BC00B8C102 /* SendGiftResultViewController.swift */,
				E0F4A9802099C3C700B8C102 /* SendGiftResultViewController.xib */,
			);
			path = Gift;
			sourceTree = "<group>";
		};
		E0F4A95A2099C19F00B8C102 /* Discount */ = {
			isa = PBXGroup;
			children = (
				E0F4A9722099C31F00B8C102 /* DiscountsViewController.swift */,
				E0F4A9742099C32900B8C102 /* DiscountsViewController.xib */,
			);
			path = Discount;
			sourceTree = "<group>";
		};
		E0F4A95B2099C1A400B8C102 /* Points */ = {
			isa = PBXGroup;
			children = (
				E0F4A9782099C36800B8C102 /* PointsViewController.swift */,
				E0F4A9762099C35900B8C102 /* PointsViewController.xib */,
				E0A4FB82209ACB5D00AB45EB /* TransferViewController.swift */,
				E0A4FB83209ACB5D00AB45EB /* TransferViewController.xib */,
			);
			path = Points;
			sourceTree = "<group>";
		};
		E0F4A95C2099C21000B8C102 /* Voucher */ = {
			isa = PBXGroup;
			children = (
				E0F4A95F2099C23500B8C102 /* VouchersViewController.swift */,
				E0F4A95D2099C22300B8C102 /* VouchersViewController.xib */,
				E0F4A9612099C24800B8C102 /* VoucherDetailViewController.swift */,
				E0F4A9632099C25700B8C102 /* VoucherDetailViewController.xib */,
			);
			path = Voucher;
			sourceTree = "<group>";
		};
		E0F4A9652099C26100B8C102 /* CustomCell */ = {
			isa = PBXGroup;
			children = (
				E0F4A9662099C28200B8C102 /* VoucherListTableViewCell.swift */,
				E0F4A9682099C29E00B8C102 /* GiftListTableViewCell.swift */,
			);
			path = CustomCell;
			sourceTree = "<group>";
		};
/* End PBXGroup section */

/* Begin PBXNativeTarget section */
		E01DD93E2099AA60001C9116 /* Skor Gift */ = {
			isa = PBXNativeTarget;
			buildConfigurationList = E01DD9672099AA60001C9116 /* Build configuration list for PBXNativeTarget "Skor Gift" */;
			buildPhases = (
				5009EB1B80E4345616CC5828 /* [CP] Check Pods Manifest.lock */,
				E01DD93B2099AA60001C9116 /* Sources */,
				E01DD93C2099AA60001C9116 /* Frameworks */,
				E01DD93D2099AA60001C9116 /* Resources */,
				DB365785739EF1E907A05D06 /* [CP] Embed Pods Frameworks */,
			);
			buildRules = (
			);
			dependencies = (
			);
			name = "Skor Gift";
			productName = "Skor Gift";
			productReference = E01DD93F2099AA60001C9116 /* Skor Gift.app */;
			productType = "com.apple.product-type.application";
		};
		E01DD9522099AA60001C9116 /* Skor GiftTests */ = {
			isa = PBXNativeTarget;
			buildConfigurationList = E01DD96A2099AA60001C9116 /* Build configuration list for PBXNativeTarget "Skor GiftTests" */;
			buildPhases = (
				E01DD94F2099AA60001C9116 /* Sources */,
				E01DD9502099AA60001C9116 /* Frameworks */,
				E01DD9512099AA60001C9116 /* Resources */,
			);
			buildRules = (
			);
			dependencies = (
				E01DD9552099AA60001C9116 /* PBXTargetDependency */,
			);
			name = "Skor GiftTests";
			productName = "Skor GiftTests";
			productReference = E01DD9532099AA60001C9116 /* Skor GiftTests.xctest */;
			productType = "com.apple.product-type.bundle.unit-test";
		};
		E01DD95D2099AA60001C9116 /* Skor GiftUITests */ = {
			isa = PBXNativeTarget;
			buildConfigurationList = E01DD96D2099AA60001C9116 /* Build configuration list for PBXNativeTarget "Skor GiftUITests" */;
			buildPhases = (
				E01DD95A2099AA60001C9116 /* Sources */,
				E01DD95B2099AA60001C9116 /* Frameworks */,
				E01DD95C2099AA60001C9116 /* Resources */,
			);
			buildRules = (
			);
			dependencies = (
				E01DD9602099AA60001C9116 /* PBXTargetDependency */,
			);
			name = "Skor GiftUITests";
			productName = "Skor GiftUITests";
			productReference = E01DD95E2099AA60001C9116 /* Skor GiftUITests.xctest */;
			productType = "com.apple.product-type.bundle.ui-testing";
		};
/* End PBXNativeTarget section */

/* Begin PBXProject section */
		E01DD9372099AA60001C9116 /* Project object */ = {
			isa = PBXProject;
			attributes = {
				LastSwiftUpdateCheck = 0920;
				LastUpgradeCheck = 0920;
				ORGANIZATIONNAME = Skor;
				TargetAttributes = {
					E01DD93E2099AA60001C9116 = {
						CreatedOnToolsVersion = 9.2;
						LastSwiftMigration = 0920;
						ProvisioningStyle = Automatic;
					};
					E01DD9522099AA60001C9116 = {
						CreatedOnToolsVersion = 9.2;
						ProvisioningStyle = Automatic;
						TestTargetID = E01DD93E2099AA60001C9116;
					};
					E01DD95D2099AA60001C9116 = {
						CreatedOnToolsVersion = 9.2;
						ProvisioningStyle = Automatic;
						TestTargetID = E01DD93E2099AA60001C9116;
					};
				};
			};
			buildConfigurationList = E01DD93A2099AA60001C9116 /* Build configuration list for PBXProject "Skor Gift" */;
			compatibilityVersion = "Xcode 8.0";
			developmentRegion = en;
			hasScannedForEncodings = 0;
			knownRegions = (
				en,
				Base,
			);
			mainGroup = E01DD9362099AA60001C9116;
			productRefGroup = E01DD9402099AA60001C9116 /* Products */;
			projectDirPath = "";
			projectRoot = "";
			targets = (
				E01DD93E2099AA60001C9116 /* Skor Gift */,
				E01DD9522099AA60001C9116 /* Skor GiftTests */,
				E01DD95D2099AA60001C9116 /* Skor GiftUITests */,
			);
		};
/* End PBXProject section */

/* Begin PBXResourcesBuildPhase section */
		E01DD93D2099AA60001C9116 /* Resources */ = {
			isa = PBXResourcesBuildPhase;
			buildActionMask = 2147483647;
			files = (
				E0A4FB79209AC0A000AB45EB /* AccountViewController.xib in Resources */,
				E0F4A97D2099C3A200B8C102 /* CustomCameraViewController.xib in Resources */,
				E0F4A94E2099BB5B00B8C102 /* SignInViewController.xib in Resources */,
				E0F4A9712099C30E00B8C102 /* SendGiftViewController.xib in Resources */,
				E0F4A95E2099C22300B8C102 /* VouchersViewController.xib in Resources */,
				E0F4A9752099C32900B8C102 /* DiscountsViewController.xib in Resources */,
				E0F4A9642099C25700B8C102 /* VoucherDetailViewController.xib in Resources */,
				E0F4A9532099BBB200B8C102 /* MainViewController.xib in Resources */,
				E0F4A96D2099C2F700B8C102 /* GiftsViewController.xib in Resources */,
				E01DD94D2099AA60001C9116 /* LaunchScreen.storyboard in Resources */,
				E01DD94A2099AA60001C9116 /* Assets.xcassets in Resources */,
				E0F4A9482099BB1A00B8C102 /* SignUpViewController.xib in Resources */,
				E0F4A9582099BBD900B8C102 /* HomeViewController.xib in Resources */,
				E0F4A9812099C3C700B8C102 /* SendGiftResultViewController.xib in Resources */,
				E01DD9482099AA60001C9116 /* Main.storyboard in Resources */,
				E0F4A9772099C35900B8C102 /* PointsViewController.xib in Resources */,
				E0323949209AB13F0065CE9B /* OnBoardingViewController.xib in Resources */,
				E0A4FB85209ACB5D00AB45EB /* TransferViewController.xib in Resources */,
			);
			runOnlyForDeploymentPostprocessing = 0;
		};
		E01DD9512099AA60001C9116 /* Resources */ = {
			isa = PBXResourcesBuildPhase;
			buildActionMask = 2147483647;
			files = (
			);
			runOnlyForDeploymentPostprocessing = 0;
		};
		E01DD95C2099AA60001C9116 /* Resources */ = {
			isa = PBXResourcesBuildPhase;
			buildActionMask = 2147483647;
			files = (
			);
			runOnlyForDeploymentPostprocessing = 0;
		};
/* End PBXResourcesBuildPhase section */

/* Begin PBXShellScriptBuildPhase section */
		5009EB1B80E4345616CC5828 /* [CP] Check Pods Manifest.lock */ = {
			isa = PBXShellScriptBuildPhase;
			buildActionMask = 2147483647;
			files = (
			);
			inputPaths = (
				"${PODS_PODFILE_DIR_PATH}/Podfile.lock",
				"${PODS_ROOT}/Manifest.lock",
			);
			name = "[CP] Check Pods Manifest.lock";
			outputPaths = (
				"$(DERIVED_FILE_DIR)/Pods-Skor Gift-checkManifestLockResult.txt",
			);
			runOnlyForDeploymentPostprocessing = 0;
			shellPath = /bin/sh;
			shellScript = "diff \"${PODS_PODFILE_DIR_PATH}/Podfile.lock\" \"${PODS_ROOT}/Manifest.lock\" > /dev/null\nif [ $? != 0 ] ; then\n    # print error to STDERR\n    echo \"error: The sandbox is not in sync with the Podfile.lock. Run 'pod install' or update your CocoaPods installation.\" >&2\n    exit 1\nfi\n# This output is used by Xcode 'outputs' to avoid re-running this script phase.\necho \"SUCCESS\" > \"${SCRIPT_OUTPUT_FILE_0}\"\n";
			showEnvVarsInLog = 0;
		};
		DB365785739EF1E907A05D06 /* [CP] Embed Pods Frameworks */ = {
			isa = PBXShellScriptBuildPhase;
			buildActionMask = 2147483647;
			files = (
			);
			inputPaths = (
				"${SRCROOT}/Pods/Target Support Files/Pods-Skor Gift/Pods-Skor Gift-frameworks.sh",
				"${BUILT_PRODUCTS_DIR}/EAIntroView/EAIntroView.framework",
				"${BUILT_PRODUCTS_DIR}/EARestrictedScrollView/EARestrictedScrollView.framework",
				"${BUILT_PRODUCTS_DIR}/PagingMenuController/PagingMenuController.framework",
			);
			name = "[CP] Embed Pods Frameworks";
			outputPaths = (
				"${TARGET_BUILD_DIR}/${FRAMEWORKS_FOLDER_PATH}/EAIntroView.framework",
				"${TARGET_BUILD_DIR}/${FRAMEWORKS_FOLDER_PATH}/EARestrictedScrollView.framework",
				"${TARGET_BUILD_DIR}/${FRAMEWORKS_FOLDER_PATH}/PagingMenuController.framework",
			);
			runOnlyForDeploymentPostprocessing = 0;
			shellPath = /bin/sh;
			shellScript = "\"${SRCROOT}/Pods/Target Support Files/Pods-Skor Gift/Pods-Skor Gift-frameworks.sh\"\n";
			showEnvVarsInLog = 0;
		};
/* End PBXShellScriptBuildPhase section */

/* Begin PBXSourcesBuildPhase section */
		E01DD93B2099AA60001C9116 /* Sources */ = {
			isa = PBXSourcesBuildPhase;
			buildActionMask = 2147483647;
			files = (
				E0F4A9672099C28200B8C102 /* VoucherListTableViewCell.swift in Sources */,
				E0A4FB84209ACB5D00AB45EB /* TransferViewController.swift in Sources */,
				E0F4A9792099C36800B8C102 /* PointsViewController.swift in Sources */,
				E0F4A9732099C31F00B8C102 /* DiscountsViewController.swift in Sources */,
				E0F4A97B2099C39600B8C102 /* CustomCameraViewController.swift in Sources */,
				E0F4A9692099C29E00B8C102 /* GiftListTableViewCell.swift in Sources */,
				E0F4A94C2099BB3E00B8C102 /* SignInViewController.swift in Sources */,
				E0F4A9462099BB0800B8C102 /* SignUpViewController.swift in Sources */,
				E0A4FB81209AC6DC00AB45EB /* UIColorExtension.swift in Sources */,
				E01DD9452099AA60001C9116 /* ViewController.swift in Sources */,
				E0A4FB78209AC0A000AB45EB /* AccountViewController.swift in Sources */,
				E0F4A9602099C23500B8C102 /* VouchersViewController.swift in Sources */,
				E0F4A96F2099C30400B8C102 /* SendGiftViewController.swift in Sources */,
				E0A4FB7E209AC32C00AB45EB /* InterfaceManager.swift in Sources */,
				E0F4A96B2099C2ED00B8C102 /* GiftsViewController.swift in Sources */,
				E0F4A97F2099C3BC00B8C102 /* SendGiftResultViewController.swift in Sources */,
				E01DD9432099AA60001C9116 /* AppDelegate.swift in Sources */,
				E0F4A9512099BBA400B8C102 /* MainViewController.swift in Sources */,
				E0F4A9622099C24800B8C102 /* VoucherDetailViewController.swift in Sources */,
				E0F4A9562099BBD000B8C102 /* HomeViewController.swift in Sources */,
				E0323947209AB1350065CE9B /* OnBoardingViewController.swift in Sources */,
			);
			runOnlyForDeploymentPostprocessing = 0;
		};
		E01DD94F2099AA60001C9116 /* Sources */ = {
			isa = PBXSourcesBuildPhase;
			buildActionMask = 2147483647;
			files = (
				E01DD9582099AA60001C9116 /* Skor_GiftTests.swift in Sources */,
			);
			runOnlyForDeploymentPostprocessing = 0;
		};
		E01DD95A2099AA60001C9116 /* Sources */ = {
			isa = PBXSourcesBuildPhase;
			buildActionMask = 2147483647;
			files = (
				E01DD9632099AA60001C9116 /* Skor_GiftUITests.swift in Sources */,
			);
			runOnlyForDeploymentPostprocessing = 0;
		};
/* End PBXSourcesBuildPhase section */

/* Begin PBXTargetDependency section */
		E01DD9552099AA60001C9116 /* PBXTargetDependency */ = {
			isa = PBXTargetDependency;
			target = E01DD93E2099AA60001C9116 /* Skor Gift */;
			targetProxy = E01DD9542099AA60001C9116 /* PBXContainerItemProxy */;
		};
		E01DD9602099AA60001C9116 /* PBXTargetDependency */ = {
			isa = PBXTargetDependency;
			target = E01DD93E2099AA60001C9116 /* Skor Gift */;
			targetProxy = E01DD95F2099AA60001C9116 /* PBXContainerItemProxy */;
		};
/* End PBXTargetDependency section */

/* Begin PBXVariantGroup section */
		E01DD9462099AA60001C9116 /* Main.storyboard */ = {
			isa = PBXVariantGroup;
			children = (
				E01DD9472099AA60001C9116 /* Base */,
			);
			name = Main.storyboard;
			sourceTree = "<group>";
		};
		E01DD94B2099AA60001C9116 /* LaunchScreen.storyboard */ = {
			isa = PBXVariantGroup;
			children = (
				E01DD94C2099AA60001C9116 /* Base */,
			);
			name = LaunchScreen.storyboard;
			sourceTree = "<group>";
		};
/* End PBXVariantGroup section */

/* Begin XCBuildConfiguration section */
		E01DD9652099AA60001C9116 /* Debug */ = {
			isa = XCBuildConfiguration;
			buildSettings = {
				ALWAYS_SEARCH_USER_PATHS = NO;
				CLANG_ANALYZER_NONNULL = YES;
				CLANG_ANALYZER_NUMBER_OBJECT_CONVERSION = YES_AGGRESSIVE;
				CLANG_CXX_LANGUAGE_STANDARD = "gnu++14";
				CLANG_CXX_LIBRARY = "libc++";
				CLANG_ENABLE_MODULES = YES;
				CLANG_ENABLE_OBJC_ARC = YES;
				CLANG_WARN_BLOCK_CAPTURE_AUTORELEASING = YES;
				CLANG_WARN_BOOL_CONVERSION = YES;
				CLANG_WARN_COMMA = YES;
				CLANG_WARN_CONSTANT_CONVERSION = YES;
				CLANG_WARN_DIRECT_OBJC_ISA_USAGE = YES_ERROR;
				CLANG_WARN_DOCUMENTATION_COMMENTS = YES;
				CLANG_WARN_EMPTY_BODY = YES;
				CLANG_WARN_ENUM_CONVERSION = YES;
				CLANG_WARN_INFINITE_RECURSION = YES;
				CLANG_WARN_INT_CONVERSION = YES;
				CLANG_WARN_NON_LITERAL_NULL_CONVERSION = YES;
				CLANG_WARN_OBJC_LITERAL_CONVERSION = YES;
				CLANG_WARN_OBJC_ROOT_CLASS = YES_ERROR;
				CLANG_WARN_RANGE_LOOP_ANALYSIS = YES;
				CLANG_WARN_STRICT_PROTOTYPES = YES;
				CLANG_WARN_SUSPICIOUS_MOVE = YES;
				CLANG_WARN_UNGUARDED_AVAILABILITY = YES_AGGRESSIVE;
				CLANG_WARN_UNREACHABLE_CODE = YES;
				CLANG_WARN__DUPLICATE_METHOD_MATCH = YES;
				CODE_SIGN_IDENTITY = "iPhone Developer";
				COPY_PHASE_STRIP = NO;
				DEBUG_INFORMATION_FORMAT = dwarf;
				ENABLE_STRICT_OBJC_MSGSEND = YES;
				ENABLE_TESTABILITY = YES;
				GCC_C_LANGUAGE_STANDARD = gnu11;
				GCC_DYNAMIC_NO_PIC = NO;
				GCC_NO_COMMON_BLOCKS = YES;
				GCC_OPTIMIZATION_LEVEL = 0;
				GCC_PREPROCESSOR_DEFINITIONS = (
					"DEBUG=1",
					"$(inherited)",
				);
				GCC_WARN_64_TO_32_BIT_CONVERSION = YES;
				GCC_WARN_ABOUT_RETURN_TYPE = YES_ERROR;
				GCC_WARN_UNDECLARED_SELECTOR = YES;
				GCC_WARN_UNINITIALIZED_AUTOS = YES_AGGRESSIVE;
				GCC_WARN_UNUSED_FUNCTION = YES;
				GCC_WARN_UNUSED_VARIABLE = YES;
				IPHONEOS_DEPLOYMENT_TARGET = 11.2;
				MTL_ENABLE_DEBUG_INFO = YES;
				ONLY_ACTIVE_ARCH = YES;
				SDKROOT = iphoneos;
				SWIFT_ACTIVE_COMPILATION_CONDITIONS = DEBUG;
				SWIFT_OPTIMIZATION_LEVEL = "-Onone";
			};
			name = Debug;
		};
		E01DD9662099AA60001C9116 /* Release */ = {
			isa = XCBuildConfiguration;
			buildSettings = {
				ALWAYS_SEARCH_USER_PATHS = NO;
				CLANG_ANALYZER_NONNULL = YES;
				CLANG_ANALYZER_NUMBER_OBJECT_CONVERSION = YES_AGGRESSIVE;
				CLANG_CXX_LANGUAGE_STANDARD = "gnu++14";
				CLANG_CXX_LIBRARY = "libc++";
				CLANG_ENABLE_MODULES = YES;
				CLANG_ENABLE_OBJC_ARC = YES;
				CLANG_WARN_BLOCK_CAPTURE_AUTORELEASING = YES;
				CLANG_WARN_BOOL_CONVERSION = YES;
				CLANG_WARN_COMMA = YES;
				CLANG_WARN_CONSTANT_CONVERSION = YES;
				CLANG_WARN_DIRECT_OBJC_ISA_USAGE = YES_ERROR;
				CLANG_WARN_DOCUMENTATION_COMMENTS = YES;
				CLANG_WARN_EMPTY_BODY = YES;
				CLANG_WARN_ENUM_CONVERSION = YES;
				CLANG_WARN_INFINITE_RECURSION = YES;
				CLANG_WARN_INT_CONVERSION = YES;
				CLANG_WARN_NON_LITERAL_NULL_CONVERSION = YES;
				CLANG_WARN_OBJC_LITERAL_CONVERSION = YES;
				CLANG_WARN_OBJC_ROOT_CLASS = YES_ERROR;
				CLANG_WARN_RANGE_LOOP_ANALYSIS = YES;
				CLANG_WARN_STRICT_PROTOTYPES = YES;
				CLANG_WARN_SUSPICIOUS_MOVE = YES;
				CLANG_WARN_UNGUARDED_AVAILABILITY = YES_AGGRESSIVE;
				CLANG_WARN_UNREACHABLE_CODE = YES;
				CLANG_WARN__DUPLICATE_METHOD_MATCH = YES;
				CODE_SIGN_IDENTITY = "iPhone Developer";
				COPY_PHASE_STRIP = NO;
				DEBUG_INFORMATION_FORMAT = "dwarf-with-dsym";
				ENABLE_NS_ASSERTIONS = NO;
				ENABLE_STRICT_OBJC_MSGSEND = YES;
				GCC_C_LANGUAGE_STANDARD = gnu11;
				GCC_NO_COMMON_BLOCKS = YES;
				GCC_WARN_64_TO_32_BIT_CONVERSION = YES;
				GCC_WARN_ABOUT_RETURN_TYPE = YES_ERROR;
				GCC_WARN_UNDECLARED_SELECTOR = YES;
				GCC_WARN_UNINITIALIZED_AUTOS = YES_AGGRESSIVE;
				GCC_WARN_UNUSED_FUNCTION = YES;
				GCC_WARN_UNUSED_VARIABLE = YES;
				IPHONEOS_DEPLOYMENT_TARGET = 11.2;
				MTL_ENABLE_DEBUG_INFO = NO;
				SDKROOT = iphoneos;
				SWIFT_OPTIMIZATION_LEVEL = "-Owholemodule";
				VALIDATE_PRODUCT = YES;
			};
			name = Release;
		};
		E01DD9682099AA60001C9116 /* Debug */ = {
			isa = XCBuildConfiguration;
			baseConfigurationReference = 0E60E8B582E061A5AB8666BF /* Pods-Skor Gift.debug.xcconfig */;
			buildSettings = {
				ASSETCATALOG_COMPILER_APPICON_NAME = AppIcon;
				CLANG_ENABLE_MODULES = YES;
				CODE_SIGN_STYLE = Automatic;
				DEVELOPMENT_TEAM = EK8S78F8PW;
				INFOPLIST_FILE = "Skor Gift/Info.plist";
				LD_RUNPATH_SEARCH_PATHS = "$(inherited) @executable_path/Frameworks";
				PRODUCT_BUNDLE_IDENTIFIER = com.skor.gift;
				PRODUCT_NAME = "$(TARGET_NAME)";
				SWIFT_OBJC_BRIDGING_HEADER = "Skor Gift/Classes/Singleton/HeaderBridge/Skor Gift-Bridging-Header.h";
				SWIFT_OPTIMIZATION_LEVEL = "-Onone";
				SWIFT_VERSION = 4.0;
				TARGETED_DEVICE_FAMILY = "1,2";
			};
			name = Debug;
		};
		E01DD9692099AA60001C9116 /* Release */ = {
			isa = XCBuildConfiguration;
			baseConfigurationReference = 4AF7166BC08A68AE035BB4F3 /* Pods-Skor Gift.release.xcconfig */;
			buildSettings = {
				ASSETCATALOG_COMPILER_APPICON_NAME = AppIcon;
				CLANG_ENABLE_MODULES = YES;
				CODE_SIGN_STYLE = Automatic;
				DEVELOPMENT_TEAM = EK8S78F8PW;
				INFOPLIST_FILE = "Skor Gift/Info.plist";
				LD_RUNPATH_SEARCH_PATHS = "$(inherited) @executable_path/Frameworks";
				PRODUCT_BUNDLE_IDENTIFIER = com.skor.gift;
				PRODUCT_NAME = "$(TARGET_NAME)";
				SWIFT_OBJC_BRIDGING_HEADER = "Skor Gift/Classes/Singleton/HeaderBridge/Skor Gift-Bridging-Header.h";
				SWIFT_VERSION = 4.0;
				TARGETED_DEVICE_FAMILY = "1,2";
			};
			name = Release;
		};
		E01DD96B2099AA60001C9116 /* Debug */ = {
			isa = XCBuildConfiguration;
			buildSettings = {
				ALWAYS_EMBED_SWIFT_STANDARD_LIBRARIES = YES;
				BUNDLE_LOADER = "$(TEST_HOST)";
				CODE_SIGN_STYLE = Automatic;
				DEVELOPMENT_TEAM = QZUUL4WRGQ;
				INFOPLIST_FILE = "Skor GiftTests/Info.plist";
				LD_RUNPATH_SEARCH_PATHS = "$(inherited) @executable_path/Frameworks @loader_path/Frameworks";
				PRODUCT_BUNDLE_IDENTIFIER = "com.skor.gift.Skor-GiftTests";
				PRODUCT_NAME = "$(TARGET_NAME)";
				SWIFT_VERSION = 4.0;
				TARGETED_DEVICE_FAMILY = "1,2";
				TEST_HOST = "$(BUILT_PRODUCTS_DIR)/Skor Gift.app/Skor Gift";
			};
			name = Debug;
		};
		E01DD96C2099AA60001C9116 /* Release */ = {
			isa = XCBuildConfiguration;
			buildSettings = {
				ALWAYS_EMBED_SWIFT_STANDARD_LIBRARIES = YES;
				BUNDLE_LOADER = "$(TEST_HOST)";
				CODE_SIGN_STYLE = Automatic;
				DEVELOPMENT_TEAM = QZUUL4WRGQ;
				INFOPLIST_FILE = "Skor GiftTests/Info.plist";
				LD_RUNPATH_SEARCH_PATHS = "$(inherited) @executable_path/Frameworks @loader_path/Frameworks";
				PRODUCT_BUNDLE_IDENTIFIER = "com.skor.gift.Skor-GiftTests";
				PRODUCT_NAME = "$(TARGET_NAME)";
				SWIFT_VERSION = 4.0;
				TARGETED_DEVICE_FAMILY = "1,2";
				TEST_HOST = "$(BUILT_PRODUCTS_DIR)/Skor Gift.app/Skor Gift";
			};
			name = Release;
		};
		E01DD96E2099AA60001C9116 /* Debug */ = {
			isa = XCBuildConfiguration;
			buildSettings = {
				ALWAYS_EMBED_SWIFT_STANDARD_LIBRARIES = YES;
				CODE_SIGN_STYLE = Automatic;
				DEVELOPMENT_TEAM = QZUUL4WRGQ;
				INFOPLIST_FILE = "Skor GiftUITests/Info.plist";
				LD_RUNPATH_SEARCH_PATHS = "$(inherited) @executable_path/Frameworks @loader_path/Frameworks";
				PRODUCT_BUNDLE_IDENTIFIER = "com.skor.gift.Skor-GiftUITests";
				PRODUCT_NAME = "$(TARGET_NAME)";
				SWIFT_VERSION = 4.0;
				TARGETED_DEVICE_FAMILY = "1,2";
				TEST_TARGET_NAME = "Skor Gift";
			};
			name = Debug;
		};
		E01DD96F2099AA60001C9116 /* Release */ = {
			isa = XCBuildConfiguration;
			buildSettings = {
				ALWAYS_EMBED_SWIFT_STANDARD_LIBRARIES = YES;
				CODE_SIGN_STYLE = Automatic;
				DEVELOPMENT_TEAM = QZUUL4WRGQ;
				INFOPLIST_FILE = "Skor GiftUITests/Info.plist";
				LD_RUNPATH_SEARCH_PATHS = "$(inherited) @executable_path/Frameworks @loader_path/Frameworks";
				PRODUCT_BUNDLE_IDENTIFIER = "com.skor.gift.Skor-GiftUITests";
				PRODUCT_NAME = "$(TARGET_NAME)";
				SWIFT_VERSION = 4.0;
				TARGETED_DEVICE_FAMILY = "1,2";
				TEST_TARGET_NAME = "Skor Gift";
			};
			name = Release;
		};
/* End XCBuildConfiguration section */

/* Begin XCConfigurationList section */
		E01DD93A2099AA60001C9116 /* Build configuration list for PBXProject "Skor Gift" */ = {
			isa = XCConfigurationList;
			buildConfigurations = (
				E01DD9652099AA60001C9116 /* Debug */,
				E01DD9662099AA60001C9116 /* Release */,
			);
			defaultConfigurationIsVisible = 0;
			defaultConfigurationName = Release;
		};
		E01DD9672099AA60001C9116 /* Build configuration list for PBXNativeTarget "Skor Gift" */ = {
			isa = XCConfigurationList;
			buildConfigurations = (
				E01DD9682099AA60001C9116 /* Debug */,
				E01DD9692099AA60001C9116 /* Release */,
			);
			defaultConfigurationIsVisible = 0;
			defaultConfigurationName = Release;
		};
		E01DD96A2099AA60001C9116 /* Build configuration list for PBXNativeTarget "Skor GiftTests" */ = {
			isa = XCConfigurationList;
			buildConfigurations = (
				E01DD96B2099AA60001C9116 /* Debug */,
				E01DD96C2099AA60001C9116 /* Release */,
			);
			defaultConfigurationIsVisible = 0;
			defaultConfigurationName = Release;
		};
		E01DD96D2099AA60001C9116 /* Build configuration list for PBXNativeTarget "Skor GiftUITests" */ = {
			isa = XCConfigurationList;
			buildConfigurations = (
				E01DD96E2099AA60001C9116 /* Debug */,
				E01DD96F2099AA60001C9116 /* Release */,
			);
			defaultConfigurationIsVisible = 0;
			defaultConfigurationName = Release;
		};
/* End XCConfigurationList section */
	};
	rootObject = E01DD9372099AA60001C9116 /* Project object */;
}
